
Microsoft Visual Studio Solution File, Format Version 12.00
# Visual Studio Version 16
VisualStudioVersion = 16.0.33130.400
MinimumVisualStudioVersion = 10.0.40219.1
Project("{FAE04EC0-301F-11D3-BF4B-00C04F79EFBC}") = "newrepos_fahrul", "newrepos_fahrul.csproj", "{C54083A8-FFA1-4DEF-9B1B-3A20DAA2741B}"
EndProject
Global
	GlobalSection(SolutionConfigurationPlatforms) = preSolution
		Debug|Any CPU = Debug|Any CPU
		Release|Any CPU = Release|Any CPU
	EndGlobalSection
	GlobalSection(ProjectConfigurationPlatforms) = postSolution
		{C54083A8-FFA1-4DEF-9B1B-3A20DAA2741B}.Debug|Any CPU.ActiveCfg = Debug|Any CPU
		{C54083A8-FFA1-4DEF-9B1B-3A20DAA2741B}.Debug|Any CPU.Build.0 = Debug|Any CPU
		{C54083A8-FFA1-4DEF-9B1B-3A20DAA2741B}.Release|Any CPU.ActiveCfg = Release|Any CPU
		{C54083A8-FFA1-4DEF-9B1B-3A20DAA2741B}.Release|Any CPU.Build.0 = Release|Any CPU
	EndGlobalSection
	GlobalSection(SolutionProperties) = preSolution
		HideSolutionNode = FALSE
	EndGlobalSection
	GlobalSection(ExtensibilityGlobals) = postSolution
		SolutionGuid = {453C7B4E-597E-46FE-8F34-4DDC8DFEF890}
	EndGlobalSection
EndGlobal
